
Microsoft Visual Studio Solution File, Format Version 12.00
# Visual Studio Version 16
VisualStudioVersion = 16.0.30320.27
MinimumVisualStudioVersion = 10.0.40219.1
Project("{FAE04EC0-301F-11D3-BF4B-00C04F79EFBC}") = "calculator", "domanskiy429\calculator.csproj", "{B167B79D-64B7-4E6B-9C1A-74E1C6723D6E}"
EndProject
Global
	GlobalSection(SolutionConfigurationPlatforms) = preSolution
		Debug|Any CPU = Debug|Any CPU
		Release|Any CPU = Release|Any CPU
	EndGlobalSection
	GlobalSection(ProjectConfigurationPlatforms) = postSolution
		{B167B79D-64B7-4E6B-9C1A-74E1C6723D6E}.Debug|Any CPU.ActiveCfg = Debug|Any CPU
		{B167B79D-64B7-4E6B-9C1A-74E1C6723D6E}.Debug|Any CPU.Build.0 = Debug|Any CPU
		{B167B79D-64B7-4E6B-9C1A-74E1C6723D6E}.Release|Any CPU.ActiveCfg = Release|Any CPU
		{B167B79D-64B7-4E6B-9C1A-74E1C6723D6E}.Release|Any CPU.Build.0 = Release|Any CPU
	EndGlobalSection
	GlobalSection(SolutionProperties) = preSolution
		HideSolutionNode = FALSE
	EndGlobalSection
	GlobalSection(ExtensibilityGlobals) = postSolution
		SolutionGuid = {99DD4DBF-972C-4B96-BD3E-E97F4C3B8627}
	EndGlobalSection
EndGlobal
